
Microsoft Visual Studio Solution File, Format Version 12.00
Project("{FAE04EC0-301F-11D3-BF4B-00C04F79EFBC}") = "Librarium", "Librarium\Librarium.csproj", "{510C3CB6-1479-4E4A-8B84-A991A14462AB}"
EndProject
Global
	GlobalSection(SolutionConfigurationPlatforms) = preSolution
		Debug|Any CPU = Debug|Any CPU
		Release|Any CPU = Release|Any CPU
	EndGlobalSection
	GlobalSection(ProjectConfigurationPlatforms) = postSolution
		{510C3CB6-1479-4E4A-8B84-A991A14462AB}.Debug|Any CPU.ActiveCfg = Debug|Any CPU
		{510C3CB6-1479-4E4A-8B84-A991A14462AB}.Debug|Any CPU.Build.0 = Debug|Any CPU
		{510C3CB6-1479-4E4A-8B84-A991A14462AB}.Release|Any CPU.ActiveCfg = Release|Any CPU
		{510C3CB6-1479-4E4A-8B84-A991A14462AB}.Release|Any CPU.Build.0 = Release|Any CPU
	EndGlobalSection
EndGlobal
